
Microsoft Visual Studio Solution File, Format Version 11.00
# Visual Studio 2010
Project("{FAE04EC0-301F-11D3-BF4B-00C04F79EFBC}") = "BLL", "BLL\BLL.csproj", "{52142320-3951-45EC-9D09-EB16D074745E}"
EndProject
Project("{FAE04EC0-301F-11D3-BF4B-00C04F79EFBC}") = "DAL", "DAL\DAL.csproj", "{3513A677-14BE-4165-A18D-CF2C4812367C}"
EndProject
Project("{E24C65DC-7377-472B-9ABA-BC803B73C61A}") = "WebUI", "WebUI", "{4339E5B1-FCBF-44BA-B58F-B57DABFEF4E0}"
	ProjectSection(WebsiteProperties) = preProject
		TargetFrameworkMoniker = ".NETFramework,Version%3Dv4.0"
		ProjectReferences = "{52142320-3951-45EC-9D09-EB16D074745E}|BLL.dll;{3513A677-14BE-4165-A18D-CF2C4812367C}|DAL.dll;"
		Debug.AspNetCompiler.VirtualPath = "/WebUI"
		Debug.AspNetCompiler.PhysicalPath = "WebUI\"
		Debug.AspNetCompiler.TargetPath = "PrecompiledWeb\WebUI\"
		Debug.AspNetCompiler.Updateable = "true"
		Debug.AspNetCompiler.ForceOverwrite = "true"
		Debug.AspNetCompiler.FixedNames = "false"
		Debug.AspNetCompiler.Debug = "True"
		Release.AspNetCompiler.VirtualPath = "/WebUI"
		Release.AspNetCompiler.PhysicalPath = "WebUI\"
		Release.AspNetCompiler.TargetPath = "PrecompiledWeb\WebUI\"
		Release.AspNetCompiler.Updateable = "true"
		Release.AspNetCompiler.ForceOverwrite = "true"
		Release.AspNetCompiler.FixedNames = "false"
		Release.AspNetCompiler.Debug = "False"
		VWDPort = "2547"
		DefaultWebSiteLanguage = "Visual C#"
	EndProjectSection
EndProject
Project("{FAE04EC0-301F-11D3-BF4B-00C04F79EFBC}") = "TestProject", "TestProject\TestProject.csproj", "{B7A6E9C4-320D-4C86-B55F-A297BD7460F3}"
EndProject
Project("{2150E333-8FDC-42A3-9474-1A3956D46DE8}") = "Solution Items", "Solution Items", "{EC796D8C-6861-4EE8-ADDD-99D260F55662}"
	ProjectSection(SolutionItems) = preProject
		Local.testsettings = Local.testsettings
		Taxi.vsmdi = Taxi.vsmdi
		TraceAndTestImpact.testsettings = TraceAndTestImpact.testsettings
	EndProjectSection
EndProject
Global
	GlobalSection(TestCaseManagementSettings) = postSolution
		CategoryFile = Taxi.vsmdi
	EndGlobalSection
	GlobalSection(SolutionConfigurationPlatforms) = preSolution
		Debug|Any CPU = Debug|Any CPU
		Release|Any CPU = Release|Any CPU
	EndGlobalSection
	GlobalSection(ProjectConfigurationPlatforms) = postSolution
		{52142320-3951-45EC-9D09-EB16D074745E}.Debug|Any CPU.ActiveCfg = Debug|Any CPU
		{52142320-3951-45EC-9D09-EB16D074745E}.Debug|Any CPU.Build.0 = Debug|Any CPU
		{52142320-3951-45EC-9D09-EB16D074745E}.Release|Any CPU.ActiveCfg = Release|Any CPU
		{52142320-3951-45EC-9D09-EB16D074745E}.Release|Any CPU.Build.0 = Release|Any CPU
		{3513A677-14BE-4165-A18D-CF2C4812367C}.Debug|Any CPU.ActiveCfg = Debug|Any CPU
		{3513A677-14BE-4165-A18D-CF2C4812367C}.Debug|Any CPU.Build.0 = Debug|Any CPU
		{3513A677-14BE-4165-A18D-CF2C4812367C}.Release|Any CPU.ActiveCfg = Release|Any CPU
		{3513A677-14BE-4165-A18D-CF2C4812367C}.Release|Any CPU.Build.0 = Release|Any CPU
		{4339E5B1-FCBF-44BA-B58F-B57DABFEF4E0}.Debug|Any CPU.ActiveCfg = Debug|Any CPU
		{4339E5B1-FCBF-44BA-B58F-B57DABFEF4E0}.Debug|Any CPU.Build.0 = Debug|Any CPU
		{4339E5B1-FCBF-44BA-B58F-B57DABFEF4E0}.Release|Any CPU.ActiveCfg = Debug|Any CPU
		{4339E5B1-FCBF-44BA-B58F-B57DABFEF4E0}.Release|Any CPU.Build.0 = Debug|Any CPU
		{B7A6E9C4-320D-4C86-B55F-A297BD7460F3}.Debug|Any CPU.ActiveCfg = Debug|Any CPU
		{B7A6E9C4-320D-4C86-B55F-A297BD7460F3}.Debug|Any CPU.Build.0 = Debug|Any CPU
		{B7A6E9C4-320D-4C86-B55F-A297BD7460F3}.Release|Any CPU.ActiveCfg = Release|Any CPU
		{B7A6E9C4-320D-4C86-B55F-A297BD7460F3}.Release|Any CPU.Build.0 = Release|Any CPU
	EndGlobalSection
	GlobalSection(SolutionProperties) = preSolution
		HideSolutionNode = FALSE
	EndGlobalSection
EndGlobal
